
Microsoft Visual Studio Solution File, Format Version 12.00
# Visual Studio Version 17
VisualStudioVersion = 17.1.32210.238
MinimumVisualStudioVersion = 10.0.40219.1
Project("{FAE04EC0-301F-11D3-BF4B-00C04F79EFBC}") = "progetto-fiera", "progetto-fiera\progetto-fiera.csproj", "{DF8FA28C-9988-457F-AE3C-2537BF57C3CF}"
EndProject
Global
	GlobalSection(SolutionConfigurationPlatforms) = preSolution
		Debug|Any CPU = Debug|Any CPU
		Release|Any CPU = Release|Any CPU
	EndGlobalSection
	GlobalSection(ProjectConfigurationPlatforms) = postSolution
		{DF8FA28C-9988-457F-AE3C-2537BF57C3CF}.Debug|Any CPU.ActiveCfg = Debug|Any CPU
		{DF8FA28C-9988-457F-AE3C-2537BF57C3CF}.Debug|Any CPU.Build.0 = Debug|Any CPU
		{DF8FA28C-9988-457F-AE3C-2537BF57C3CF}.Release|Any CPU.ActiveCfg = Release|Any CPU
		{DF8FA28C-9988-457F-AE3C-2537BF57C3CF}.Release|Any CPU.Build.0 = Release|Any CPU
	EndGlobalSection
	GlobalSection(SolutionProperties) = preSolution
		HideSolutionNode = FALSE
	EndGlobalSection
	GlobalSection(ExtensibilityGlobals) = postSolution
		SolutionGuid = {F8E96901-7349-4A46-A175-37407A2B2A63}
	EndGlobalSection
EndGlobal
